
Microsoft Visual Studio Solution File, Format Version 12.00
# Visual Studio Version 17
VisualStudioVersion = 17.14.36127.28 d17.14
MinimumVisualStudioVersion = 10.0.40219.1
Project("{FAE04EC0-301F-11D3-BF4B-00C04F79EFBC}") = "RPGHub.Api", "RPGHub.Api\RPGHub.Api.csproj", "{FF633ABD-801E-4325-9DEB-6206C93443E3}"
EndProject
Project("{FAE04EC0-301F-11D3-BF4B-00C04F79EFBC}") = "RPGHub.Application", "RPGHub.Application\RPGHub.Application.csproj", "{CCC36238-7E5B-4E73-9230-6381DED71BAE}"
EndProject
Project("{FAE04EC0-301F-11D3-BF4B-00C04F79EFBC}") = "RPGHub.Domain", "RPGHub.Domain\RPGHub.Domain.csproj", "{6EFFC39E-24BC-4189-92F7-1D4BC42AAD0E}"
EndProject
Project("{FAE04EC0-301F-11D3-BF4B-00C04F79EFBC}") = "RPGHub.Infrastructure", "RPGHub.Infrastructure\RPGHub.Infrastructure.csproj", "{9D46D13A-5EDA-4118-99F9-1F9555647907}"
EndProject
Project("{FAE04EC0-301F-11D3-BF4B-00C04F79EFBC}") = "RPGHub.Common", "RPGHub.Common\RPGHub.Common.csproj", "{F2665523-B056-4644-8283-C4FE2388D7DC}"
EndProject
Global
	GlobalSection(SolutionConfigurationPlatforms) = preSolution
		Debug|Any CPU = Debug|Any CPU
		Release|Any CPU = Release|Any CPU
	EndGlobalSection
	GlobalSection(ProjectConfigurationPlatforms) = postSolution
		{FF633ABD-801E-4325-9DEB-6206C93443E3}.Debug|Any CPU.ActiveCfg = Debug|Any CPU
		{FF633ABD-801E-4325-9DEB-6206C93443E3}.Debug|Any CPU.Build.0 = Debug|Any CPU
		{FF633ABD-801E-4325-9DEB-6206C93443E3}.Release|Any CPU.ActiveCfg = Release|Any CPU
		{FF633ABD-801E-4325-9DEB-6206C93443E3}.Release|Any CPU.Build.0 = Release|Any CPU
		{CCC36238-7E5B-4E73-9230-6381DED71BAE}.Debug|Any CPU.ActiveCfg = Debug|Any CPU
		{CCC36238-7E5B-4E73-9230-6381DED71BAE}.Debug|Any CPU.Build.0 = Debug|Any CPU
		{CCC36238-7E5B-4E73-9230-6381DED71BAE}.Release|Any CPU.ActiveCfg = Release|Any CPU
		{CCC36238-7E5B-4E73-9230-6381DED71BAE}.Release|Any CPU.Build.0 = Release|Any CPU
		{6EFFC39E-24BC-4189-92F7-1D4BC42AAD0E}.Debug|Any CPU.ActiveCfg = Debug|Any CPU
		{6EFFC39E-24BC-4189-92F7-1D4BC42AAD0E}.Debug|Any CPU.Build.0 = Debug|Any CPU
		{6EFFC39E-24BC-4189-92F7-1D4BC42AAD0E}.Release|Any CPU.ActiveCfg = Release|Any CPU
		{6EFFC39E-24BC-4189-92F7-1D4BC42AAD0E}.Release|Any CPU.Build.0 = Release|Any CPU
		{9D46D13A-5EDA-4118-99F9-1F9555647907}.Debug|Any CPU.ActiveCfg = Debug|Any CPU
		{9D46D13A-5EDA-4118-99F9-1F9555647907}.Debug|Any CPU.Build.0 = Debug|Any CPU
		{9D46D13A-5EDA-4118-99F9-1F9555647907}.Release|Any CPU.ActiveCfg = Release|Any CPU
		{9D46D13A-5EDA-4118-99F9-1F9555647907}.Release|Any CPU.Build.0 = Release|Any CPU
		{F2665523-B056-4644-8283-C4FE2388D7DC}.Debug|Any CPU.ActiveCfg = Debug|Any CPU
		{F2665523-B056-4644-8283-C4FE2388D7DC}.Debug|Any CPU.Build.0 = Debug|Any CPU
		{F2665523-B056-4644-8283-C4FE2388D7DC}.Release|Any CPU.ActiveCfg = Release|Any CPU
		{F2665523-B056-4644-8283-C4FE2388D7DC}.Release|Any CPU.Build.0 = Release|Any CPU
	EndGlobalSection
	GlobalSection(SolutionProperties) = preSolution
		HideSolutionNode = FALSE
	EndGlobalSection
	GlobalSection(ExtensibilityGlobals) = postSolution
		SolutionGuid = {F9D569B8-6E1D-4F0C-A78D-B3895F0BB041}
	EndGlobalSection
EndGlobal
